
Microsoft Visual Studio Solution File, Format Version 12.00
# Visual Studio Version 16
VisualStudioVersion = 16.0.31515.178
MinimumVisualStudioVersion = 10.0.40219.1
Project("{9A19103F-16F7-4668-BE54-9A1E7A4F7556}") = "SimpleShoppingCart", "src\SimpleShoppingCart\SimpleShoppingCart.csproj", "{DA0EE37F-5DF9-4175-8120-529E46E3CCF2}"
EndProject
Project("{9A19103F-16F7-4668-BE54-9A1E7A4F7556}") = "SimpleShoppingCart.AwsLambda", "src\SimpleShoppingCart.AwsLambda\SimpleShoppingCart.AwsLambda.csproj", "{9376CEB0-A45F-409F-BEE1-E7BD3B327EE8}"
EndProject
Project("{9A19103F-16F7-4668-BE54-9A1E7A4F7556}") = "SimpleShoppingCart.AwsLambda.ThirdPartyClient", "src\SimpleShoppingCart.AwsLambda.ThirdPartyClient\SimpleShoppingCart.AwsLambda.ThirdPartyClient.csproj", "{84F3FAAD-0C22-4493-B366-1235BB200323}"
EndProject
Global
	GlobalSection(SolutionConfigurationPlatforms) = preSolution
		Debug|Any CPU = Debug|Any CPU
		Release|Any CPU = Release|Any CPU
	EndGlobalSection
	GlobalSection(ProjectConfigurationPlatforms) = postSolution
		{DA0EE37F-5DF9-4175-8120-529E46E3CCF2}.Debug|Any CPU.ActiveCfg = Debug|Any CPU
		{DA0EE37F-5DF9-4175-8120-529E46E3CCF2}.Debug|Any CPU.Build.0 = Debug|Any CPU
		{DA0EE37F-5DF9-4175-8120-529E46E3CCF2}.Release|Any CPU.ActiveCfg = Release|Any CPU
		{DA0EE37F-5DF9-4175-8120-529E46E3CCF2}.Release|Any CPU.Build.0 = Release|Any CPU
		{9376CEB0-A45F-409F-BEE1-E7BD3B327EE8}.Debug|Any CPU.ActiveCfg = Debug|Any CPU
		{9376CEB0-A45F-409F-BEE1-E7BD3B327EE8}.Debug|Any CPU.Build.0 = Debug|Any CPU
		{9376CEB0-A45F-409F-BEE1-E7BD3B327EE8}.Release|Any CPU.ActiveCfg = Release|Any CPU
		{9376CEB0-A45F-409F-BEE1-E7BD3B327EE8}.Release|Any CPU.Build.0 = Release|Any CPU
		{84F3FAAD-0C22-4493-B366-1235BB200323}.Debug|Any CPU.ActiveCfg = Debug|Any CPU
		{84F3FAAD-0C22-4493-B366-1235BB200323}.Debug|Any CPU.Build.0 = Debug|Any CPU
		{84F3FAAD-0C22-4493-B366-1235BB200323}.Release|Any CPU.ActiveCfg = Release|Any CPU
		{84F3FAAD-0C22-4493-B366-1235BB200323}.Release|Any CPU.Build.0 = Release|Any CPU
	EndGlobalSection
	GlobalSection(SolutionProperties) = preSolution
		HideSolutionNode = FALSE
	EndGlobalSection
	GlobalSection(ExtensibilityGlobals) = postSolution
		SolutionGuid = {F95CF200-67C6-47DC-9DE8-4900B286B159}
	EndGlobalSection
EndGlobal
