
Microsoft Visual Studio Solution File, Format Version 12.00
# Visual Studio Version 16
VisualStudioVersion = 16.0.31321.278
MinimumVisualStudioVersion = 10.0.40219.1
Project("{9A19103F-16F7-4668-BE54-9A1E7A4F7556}") = "SimpleOnlineShop", "src\SimpleOnlineShop.csproj", "{34E609F0-5669-4775-BE7C-4A50CF29C645}"
EndProject
Project("{2150E333-8FDC-42A3-9474-1A3956D46DE8}") = "Solution Items", "Solution Items", "{DCCA0989-A327-4C23-B983-4F24B71ADFC8}"
	ProjectSection(SolutionItems) = preProject
		.editorconfig = .editorconfig
	EndProjectSection
EndProject
Project("{9A19103F-16F7-4668-BE54-9A1E7A4F7556}") = "SimpleOnlineShop.AwsLambda", "src\SimpleOnlineShop.AwsLambda\SimpleOnlineShop.AwsLambda.csproj", "{BBA79268-7E45-431B-A99C-CDAE9CAC5FDA}"
EndProject
Global
	GlobalSection(SolutionConfigurationPlatforms) = preSolution
		Debug|Any CPU = Debug|Any CPU
		Release|Any CPU = Release|Any CPU
	EndGlobalSection
	GlobalSection(ProjectConfigurationPlatforms) = postSolution
		{34E609F0-5669-4775-BE7C-4A50CF29C645}.Debug|Any CPU.ActiveCfg = Debug|Any CPU
		{34E609F0-5669-4775-BE7C-4A50CF29C645}.Debug|Any CPU.Build.0 = Debug|Any CPU
		{34E609F0-5669-4775-BE7C-4A50CF29C645}.Release|Any CPU.ActiveCfg = Release|Any CPU
		{34E609F0-5669-4775-BE7C-4A50CF29C645}.Release|Any CPU.Build.0 = Release|Any CPU
		{BBA79268-7E45-431B-A99C-CDAE9CAC5FDA}.Debug|Any CPU.ActiveCfg = Debug|Any CPU
		{BBA79268-7E45-431B-A99C-CDAE9CAC5FDA}.Debug|Any CPU.Build.0 = Debug|Any CPU
		{BBA79268-7E45-431B-A99C-CDAE9CAC5FDA}.Release|Any CPU.ActiveCfg = Release|Any CPU
		{BBA79268-7E45-431B-A99C-CDAE9CAC5FDA}.Release|Any CPU.Build.0 = Release|Any CPU
	EndGlobalSection
	GlobalSection(SolutionProperties) = preSolution
		HideSolutionNode = FALSE
	EndGlobalSection
	GlobalSection(ExtensibilityGlobals) = postSolution
		SolutionGuid = {7F72DA82-487D-41FE-8513-FF6CEA3C69B7}
	EndGlobalSection
EndGlobal
